
Microsoft Visual Studio Solution File, Format Version 12.00
# Visual Studio 15
VisualStudioVersion = 15.0.28307.136
MinimumVisualStudioVersion = 10.0.40219.1
Project("{FAE04EC0-301F-11D3-BF4B-00C04F79EFBC}") = "DesktopAppLinkSample", "DesktopAppLinkSample\DesktopAppLinkSample.csproj", "{15DAD318-838C-4ACF-A58B-D2BE948F9108}"
EndProject
Global
	GlobalSection(SolutionConfigurationPlatforms) = preSolution
		Debug|Any CPU = Debug|Any CPU
		Release|Any CPU = Release|Any CPU
	EndGlobalSection
	GlobalSection(ProjectConfigurationPlatforms) = postSolution
		{15DAD318-838C-4ACF-A58B-D2BE948F9108}.Debug|Any CPU.ActiveCfg = Debug|Any CPU
		{15DAD318-838C-4ACF-A58B-D2BE948F9108}.Debug|Any CPU.Build.0 = Debug|Any CPU
		{15DAD318-838C-4ACF-A58B-D2BE948F9108}.Release|Any CPU.ActiveCfg = Release|Any CPU
		{15DAD318-838C-4ACF-A58B-D2BE948F9108}.Release|Any CPU.Build.0 = Release|Any CPU
	EndGlobalSection
	GlobalSection(SolutionProperties) = preSolution
		HideSolutionNode = FALSE
	EndGlobalSection
	GlobalSection(ExtensibilityGlobals) = postSolution
		SolutionGuid = {68AFD328-175A-4FDD-BA15-B7001B8F6781}
	EndGlobalSection
EndGlobal
